// !$*UTF8*$!
{
	archiveVersion = 1;
	classes = {
	};
	objectVersion = 46;
	objects = {

/* Begin PBXBuildFile section */
		683EB5701CEAEF7A001AFFF8 /* main.m in Sources */ = {isa = PBXBuildFile; fileRef = 683EB56F1CEAEF7A001AFFF8 /* main.m */; };
		683EB5731CEAEF7A001AFFF8 /* AppDelegate.m in Sources */ = {isa = PBXBuildFile; fileRef = 683EB5721CEAEF7A001AFFF8 /* AppDelegate.m */; };
		683EB5761CEAEF7A001AFFF8 /* ViewController.m in Sources */ = {isa = PBXBuildFile; fileRef = 683EB5751CEAEF7A001AFFF8 /* ViewController.m */; };
		683EB5791CEAEF7A001AFFF8 /* Main.storyboard in Resources */ = {isa = PBXBuildFile; fileRef = 683EB5771CEAEF7A001AFFF8 /* Main.storyboard */; };
		683EB57B1CEAEF7A001AFFF8 /* Assets.xcassets in Resources */ = {isa = PBXBuildFile; fileRef = 683EB57A1CEAEF7A001AFFF8 /* Assets.xcassets */; };
		683EB57E1CEAEF7A001AFFF8 /* LaunchScreen.storyboard in Resources */ = {isa = PBXBuildFile; fileRef = 683EB57C1CEAEF7A001AFFF8 /* LaunchScreen.storyboard */; };
		683EB5891CEAEF7A001AFFF8 /* CATransformLayerTests.m in Sources */ = {isa = PBXBuildFile; fileRef = 683EB5881CEAEF7A001AFFF8 /* CATransformLayerTests.m */; };
		683EB5941CEAEF7A001AFFF8 /* CATransformLayerUITests.m in Sources */ = {isa = PBXBuildFile; fileRef = 683EB5931CEAEF7A001AFFF8 /* CATransformLayerUITests.m */; };
/* End PBXBuildFile section */

/* Begin PBXContainerItemProxy section */
		683EB5851CEAEF7A001AFFF8 /* PBXContainerItemProxy */ = {
			isa = PBXContainerItemProxy;
			containerPortal = 683EB5631CEAEF7A001AFFF8 /* Project object */;
			proxyType = 1;
			remoteGlobalIDString = 683EB56A1CEAEF7A001AFFF8;
			remoteInfo = CATransformLayer;
		};
		683EB5901CEAEF7A001AFFF8 /* PBXContainerItemProxy */ = {
			isa = PBXContainerItemProxy;
			containerPortal = 683EB5631CEAEF7A001AFFF8 /* Project object */;
			proxyType = 1;
			remoteGlobalIDString = 683EB56A1CEAEF7A001AFFF8;
			remoteInfo = CATransformLayer;
		};
/* End PBXContainerItemProxy section */

/* Begin PBXFileReference section */
		683EB56B1CEAEF7A001AFFF8 /* CATransformLayer.app */ = {isa = PBXFileReference; explicitFileType = wrapper.application; includeInIndex = 0; path = CATransformLayer.app; sourceTree = BUILT_PRODUCTS_DIR; };
		683EB56F1CEAEF7A001AFFF8 /* main.m */ = {isa = PBXFileReference; lastKnownFileType = sourcecode.c.objc; path = main.m; sourceTree = "<group>"; };
		683EB5711CEAEF7A001AFFF8 /* AppDelegate.h */ = {isa = PBXFileReference; lastKnownFileType = sourcecode.c.h; path = AppDelegate.h; sourceTree = "<group>"; };
		683EB5721CEAEF7A001AFFF8 /* AppDelegate.m */ = {isa = PBXFileReference; lastKnownFileType = sourcecode.c.objc; path = AppDelegate.m; sourceTree = "<group>"; };
		683EB5741CEAEF7A001AFFF8 /* ViewController.h */ = {isa = PBXFileReference; lastKnownFileType = sourcecode.c.h; path = ViewController.h; sourceTree = "<group>"; };
		683EB5751CEAEF7A001AFFF8 /* ViewController.m */ = {isa = PBXFileReference; lastKnownFileType = sourcecode.c.objc; path = ViewController.m; sourceTree = "<group>"; };
		683EB5781CEAEF7A001AFFF8 /* Base */ = {isa = PBXFileReference; lastKnownFileType = file.storyboard; name = Base; path = Base.lproj/Main.storyboard; sourceTree = "<group>"; };
		683EB57A1CEAEF7A001AFFF8 /* Assets.xcassets */ = {isa = PBXFileReference; lastKnownFileType = folder.assetcatalog; path = Assets.xcassets; sourceTree = "<group>"; };
		683EB57D1CEAEF7A001AFFF8 /* Base */ = {isa = PBXFileReference; lastKnownFileType = file.storyboard; name = Base; path = Base.lproj/LaunchScreen.storyboard; sourceTree = "<group>"; };
		683EB57F1CEAEF7A001AFFF8 /* Info.plist */ = {isa = PBXFileReference; lastKnownFileType = text.plist.xml; path = Info.plist; sourceTree = "<group>"; };
		683EB5841CEAEF7A001AFFF8 /* CATransformLayerTests.xctest */ = {isa = PBXFileReference; explicitFileType = wrapper.cfbundle; includeInIndex = 0; path = CATransformLayerTests.xctest; sourceTree = BUILT_PRODUCTS_DIR; };
		683EB5881CEAEF7A001AFFF8 /* CATransformLayerTests.m */ = {isa = PBXFileReference; lastKnownFileType = sourcecode.c.objc; path = CATransformLayerTests.m; sourceTree = "<group>"; };
		683EB58A1CEAEF7A001AFFF8 /* Info.plist */ = {isa = PBXFileReference; lastKnownFileType = text.plist.xml; path = Info.plist; sourceTree = "<group>"; };
		683EB58F1CEAEF7A001AFFF8 /* CATransformLayerUITests.xctest */ = {isa = PBXFileReference; explicitFileType = wrapper.cfbundle; includeInIndex = 0; path = CATransformLayerUITests.xctest; sourceTree = BUILT_PRODUCTS_DIR; };
		683EB5931CEAEF7A001AFFF8 /* CATransformLayerUITests.m */ = {isa = PBXFileReference; lastKnownFileType = sourcecode.c.objc; path = CATransformLayerUITests.m; sourceTree = "<group>"; };
		683EB5951CEAEF7A001AFFF8 /* Info.plist */ = {isa = PBXFileReference; lastKnownFileType = text.plist.xml; path = Info.plist; sourceTree = "<group>"; };
/* End PBXFileReference section */

/* Begin PBXFrameworksBuildPhase section */
		683EB5681CEAEF7A001AFFF8 /* Frameworks */ = {
			isa = PBXFrameworksBuildPhase;
			buildActionMask = 2147483647;
			files = (
			);
			runOnlyForDeploymentPostprocessing = 0;
		};
		683EB5811CEAEF7A001AFFF8 /* Frameworks */ = {
			isa = PBXFrameworksBuildPhase;
			buildActionMask = 2147483647;
			files = (
			);
			runOnlyForDeploymentPostprocessing = 0;
		};
		683EB58C1CEAEF7A001AFFF8 /* Frameworks */ = {
			isa = PBXFrameworksBuildPhase;
			buildActionMask = 2147483647;
			files = (
			);
			runOnlyForDeploymentPostprocessing = 0;
		};
/* End PBXFrameworksBuildPhase section */

/* Begin PBXGroup section */
		683EB5621CEAEF7A001AFFF8 = {
			isa = PBXGroup;
			children = (
				683EB56D1CEAEF7A001AFFF8 /* CATransformLayer */,
				683EB5871CEAEF7A001AFFF8 /* CATransformLayerTests */,
				683EB5921CEAEF7A001AFFF8 /* CATransformLayerUITests */,
				683EB56C1CEAEF7A001AFFF8 /* Products */,
			);
			sourceTree = "<group>";
		};
		683EB56C1CEAEF7A001AFFF8 /* Products */ = {
			isa = PBXGroup;
			children = (
				683EB56B1CEAEF7A001AFFF8 /* CATransformLayer.app */,
				683EB5841CEAEF7A001AFFF8 /* CATransformLayerTests.xctest */,
				683EB58F1CEAEF7A001AFFF8 /* CATransformLayerUITests.xctest */,
			);
			name = Products;
			sourceTree = "<group>";
		};
		683EB56D1CEAEF7A001AFFF8 /* CATransformLayer */ = {
			isa = PBXGroup;
			children = (
				683EB5711CEAEF7A001AFFF8 /* AppDelegate.h */,
				683EB5721CEAEF7A001AFFF8 /* AppDelegate.m */,
				683EB5741CEAEF7A001AFFF8 /* ViewController.h */,
				683EB5751CEAEF7A001AFFF8 /* ViewController.m */,
				683EB5771CEAEF7A001AFFF8 /* Main.storyboard */,
				683EB57A1CEAEF7A001AFFF8 /* Assets.xcassets */,
				683EB57C1CEAEF7A001AFFF8 /* LaunchScreen.storyboard */,
				683EB57F1CEAEF7A001AFFF8 /* Info.plist */,
				683EB56E1CEAEF7A001AFFF8 /* Supporting Files */,
			);
			path = CATransformLayer;
			sourceTree = "<group>";
		};
		683EB56E1CEAEF7A001AFFF8 /* Supporting Files */ = {
			isa = PBXGroup;
			children = (
				683EB56F1CEAEF7A001AFFF8 /* main.m */,
			);
			name = "Supporting Files";
			sourceTree = "<group>";
		};
		683EB5871CEAEF7A001AFFF8 /* CATransformLayerTests */ = {
			isa = PBXGroup;
			children = (
				683EB5881CEAEF7A001AFFF8 /* CATransformLayerTests.m */,
				683EB58A1CEAEF7A001AFFF8 /* Info.plist */,
			);
			path = CATransformLayerTests;
			sourceTree = "<group>";
		};
		683EB5921CEAEF7A001AFFF8 /* CATransformLayerUITests */ = {
			isa = PBXGroup;
			children = (
				683EB5931CEAEF7A001AFFF8 /* CATransformLayerUITests.m */,
				683EB5951CEAEF7A001AFFF8 /* Info.plist */,
			);
			path = CATransformLayerUITests;
			sourceTree = "<group>";
		};
/* End PBXGroup section */

/* Begin PBXNativeTarget section */
		683EB56A1CEAEF7A001AFFF8 /* CATransformLayer */ = {
			isa = PBXNativeTarget;
			buildConfigurationList = 683EB5981CEAEF7A001AFFF8 /* Build configuration list for PBXNativeTarget "CATransformLayer" */;
			buildPhases = (
				683EB5671CEAEF7A001AFFF8 /* Sources */,
				683EB5681CEAEF7A001AFFF8 /* Frameworks */,
				683EB5691CEAEF7A001AFFF8 /* Resources */,
			);
			buildRules = (
			);
			dependencies = (
			);
			name = CATransformLayer;
			productName = CATransformLayer;
			productReference = 683EB56B1CEAEF7A001AFFF8 /* CATransformLayer.app */;
			productType = "com.apple.product-type.application";
		};
		683EB5831CEAEF7A001AFFF8 /* CATransformLayerTests */ = {
			isa = PBXNativeTarget;
			buildConfigurationList = 683EB59B1CEAEF7A001AFFF8 /* Build configuration list for PBXNativeTarget "CATransformLayerTests" */;
			buildPhases = (
				683EB5801CEAEF7A001AFFF8 /* Sources */,
				683EB5811CEAEF7A001AFFF8 /* Frameworks */,
				683EB5821CEAEF7A001AFFF8 /* Resources */,
			);
			buildRules = (
			);
			dependencies = (
				683EB5861CEAEF7A001AFFF8 /* PBXTargetDependency */,
			);
			name = CATransformLayerTests;
			productName = CATransformLayerTests;
			productReference = 683EB5841CEAEF7A001AFFF8 /* CATransformLayerTests.xctest */;
			productType = "com.apple.product-type.bundle.unit-test";
		};
		683EB58E1CEAEF7A001AFFF8 /* CATransformLayerUITests */ = {
			isa = PBXNativeTarget;
			buildConfigurationList = 683EB59E1CEAEF7A001AFFF8 /* Build configuration list for PBXNativeTarget "CATransformLayerUITests" */;
			buildPhases = (
				683EB58B1CEAEF7A001AFFF8 /* Sources */,
				683EB58C1CEAEF7A001AFFF8 /* Frameworks */,
				683EB58D1CEAEF7A001AFFF8 /* Resources */,
			);
			buildRules = (
			);
			dependencies = (
				683EB5911CEAEF7A001AFFF8 /* PBXTargetDependency */,
			);
			name = CATransformLayerUITests;
			productName = CATransformLayerUITests;
			productReference = 683EB58F1CEAEF7A001AFFF8 /* CATransformLayerUITests.xctest */;
			productType = "com.apple.product-type.bundle.ui-testing";
		};
/* End PBXNativeTarget section */

/* Begin PBXProject section */
		683EB5631CEAEF7A001AFFF8 /* Project object */ = {
			isa = PBXProject;
			attributes = {
				LastUpgradeCheck = 0730;
				ORGANIZATIONNAME = CodingFire;
				TargetAttributes = {
					683EB56A1CEAEF7A001AFFF8 = {
						CreatedOnToolsVersion = 7.3;
					};
					683EB5831CEAEF7A001AFFF8 = {
						CreatedOnToolsVersion = 7.3;
						TestTargetID = 683EB56A1CEAEF7A001AFFF8;
					};
					683EB58E1CEAEF7A001AFFF8 = {
						CreatedOnToolsVersion = 7.3;
						TestTargetID = 683EB56A1CEAEF7A001AFFF8;
					};
				};
			};
			buildConfigurationList = 683EB5661CEAEF7A001AFFF8 /* Build configuration list for PBXProject "CATransformLayer" */;
			compatibilityVersion = "Xcode 3.2";
			developmentRegion = English;
			hasScannedForEncodings = 0;
			knownRegions = (
				en,
				Base,
			);
			mainGroup = 683EB5621CEAEF7A001AFFF8;
			productRefGroup = 683EB56C1CEAEF7A001AFFF8 /* Products */;
			projectDirPath = "";
			projectRoot = "";
			targets = (
				683EB56A1CEAEF7A001AFFF8 /* CATransformLayer */,
				683EB5831CEAEF7A001AFFF8 /* CATransformLayerTests */,
				683EB58E1CEAEF7A001AFFF8 /* CATransformLayerUITests */,
			);
		};
/* End PBXProject section */

/* Begin PBXResourcesBuildPhase section */
		683EB5691CEAEF7A001AFFF8 /* Resources */ = {
			isa = PBXResourcesBuildPhase;
			buildActionMask = 2147483647;
			files = (
				683EB57E1CEAEF7A001AFFF8 /* LaunchScreen.storyboard in Resources */,
				683EB57B1CEAEF7A001AFFF8 /* Assets.xcassets in Resources */,
				683EB5791CEAEF7A001AFFF8 /* Main.storyboard in Resources */,
			);
			runOnlyForDeploymentPostprocessing = 0;
		};
		683EB5821CEAEF7A001AFFF8 /* Resources */ = {
			isa = PBXResourcesBuildPhase;
			buildActionMask = 2147483647;
			files = (
			);
			runOnlyForDeploymentPostprocessing = 0;
		};
		683EB58D1CEAEF7A001AFFF8 /* Resources */ = {
			isa = PBXResourcesBuildPhase;
			buildActionMask = 2147483647;
			files = (
			);
			runOnlyForDeploymentPostprocessing = 0;
		};
/* End PBXResourcesBuildPhase section */

/* Begin PBXSourcesBuildPhase section */
		683EB5671CEAEF7A001AFFF8 /* Sources */ = {
			isa = PBXSourcesBuildPhase;
			buildActionMask = 2147483647;
			files = (
				683EB5761CEAEF7A001AFFF8 /* ViewController.m in Sources */,
				683EB5731CEAEF7A001AFFF8 /* AppDelegate.m in Sources */,
				683EB5701CEAEF7A001AFFF8 /* main.m in Sources */,
			);
			runOnlyForDeploymentPostprocessing = 0;
		};
		683EB5801CEAEF7A001AFFF8 /* Sources */ = {
			isa = PBXSourcesBuildPhase;
			buildActionMask = 2147483647;
			files = (
				683EB5891CEAEF7A001AFFF8 /* CATransformLayerTests.m in Sources */,
			);
			runOnlyForDeploymentPostprocessing = 0;
		};
		683EB58B1CEAEF7A001AFFF8 /* Sources */ = {
			isa = PBXSourcesBuildPhase;
			buildActionMask = 2147483647;
			files = (
				683EB5941CEAEF7A001AFFF8 /* CATransformLayerUITests.m in Sources */,
			);
			runOnlyForDeploymentPostprocessing = 0;
		};
/* End PBXSourcesBuildPhase section */

/* Begin PBXTargetDependency section */
		683EB5861CEAEF7A001AFFF8 /* PBXTargetDependency */ = {
			isa = PBXTargetDependency;
			target = 683EB56A1CEAEF7A001AFFF8 /* CATransformLayer */;
			targetProxy = 683EB5851CEAEF7A001AFFF8 /* PBXContainerItemProxy */;
		};
		683EB5911CEAEF7A001AFFF8 /* PBXTargetDependency */ = {
			isa = PBXTargetDependency;
			target = 683EB56A1CEAEF7A001AFFF8 /* CATransformLayer */;
			targetProxy = 683EB5901CEAEF7A001AFFF8 /* PBXContainerItemProxy */;
		};
/* End PBXTargetDependency section */

/* Begin PBXVariantGroup section */
		683EB5771CEAEF7A001AFFF8 /* Main.storyboard */ = {
			isa = PBXVariantGroup;
			children = (
				683EB5781CEAEF7A001AFFF8 /* Base */,
			);
			name = Main.storyboard;
			sourceTree = "<group>";
		};
		683EB57C1CEAEF7A001AFFF8 /* LaunchScreen.storyboard */ = {
			isa = PBXVariantGroup;
			children = (
				683EB57D1CEAEF7A001AFFF8 /* Base */,
			);
			name = LaunchScreen.storyboard;
			sourceTree = "<group>";
		};
/* End PBXVariantGroup section */

/* Begin XCBuildConfiguration section */
		683EB5961CEAEF7A001AFFF8 /* Debug */ = {
			isa = XCBuildConfiguration;
			buildSettings = {
				ALWAYS_SEARCH_USER_PATHS = NO;
				CLANG_ANALYZER_NONNULL = YES;
				CLANG_CXX_LANGUAGE_STANDARD = "gnu++0x";
				CLANG_CXX_LIBRARY = "libc++";
				CLANG_ENABLE_MODULES = YES;
				CLANG_ENABLE_OBJC_ARC = YES;
				CLANG_WARN_BOOL_CONVERSION = YES;
				CLANG_WARN_CONSTANT_CONVERSION = YES;
				CLANG_WARN_DIRECT_OBJC_ISA_USAGE = YES_ERROR;
				CLANG_WARN_EMPTY_BODY = YES;
				CLANG_WARN_ENUM_CONVERSION = YES;
				CLANG_WARN_INT_CONVERSION = YES;
				CLANG_WARN_OBJC_ROOT_CLASS = YES_ERROR;
				CLANG_WARN_UNREACHABLE_CODE = YES;
				CLANG_WARN__DUPLICATE_METHOD_MATCH = YES;
				"CODE_SIGN_IDENTITY[sdk=iphoneos*]" = "iPhone Developer";
				COPY_PHASE_STRIP = NO;
				DEBUG_INFORMATION_FORMAT = dwarf;
				ENABLE_STRICT_OBJC_MSGSEND = YES;
				ENABLE_TESTABILITY = YES;
				GCC_C_LANGUAGE_STANDARD = gnu99;
				GCC_DYNAMIC_NO_PIC = NO;
				GCC_NO_COMMON_BLOCKS = YES;
				GCC_OPTIMIZATION_LEVEL = 0;
				GCC_PREPROCESSOR_DEFINITIONS = (
					"DEBUG=1",
					"$(inherited)",
				);
				GCC_WARN_64_TO_32_BIT_CONVERSION = YES;
				GCC_WARN_ABOUT_RETURN_TYPE = YES_ERROR;
				GCC_WARN_UNDECLARED_SELECTOR = YES;
				GCC_WARN_UNINITIALIZED_AUTOS = YES_AGGRESSIVE;
				GCC_WARN_UNUSED_FUNCTION = YES;
				GCC_WARN_UNUSED_VARIABLE = YES;
				IPHONEOS_DEPLOYMENT_TARGET = 9.3;
				MTL_ENABLE_DEBUG_INFO = YES;
				ONLY_ACTIVE_ARCH = YES;
				SDKROOT = iphoneos;
			};
			name = Debug;
		};
		683EB5971CEAEF7A001AFFF8 /* Release */ = {
			isa = XCBuildConfiguration;
			buildSettings = {
				ALWAYS_SEARCH_USER_PATHS = NO;
				CLANG_ANALYZER_NONNULL = YES;
				CLANG_CXX_LANGUAGE_STANDARD = "gnu++0x";
				CLANG_CXX_LIBRARY = "libc++";
				CLANG_ENABLE_MODULES = YES;
				CLANG_ENABLE_OBJC_ARC = YES;
				CLANG_WARN_BOOL_CONVERSION = YES;
				CLANG_WARN_CONSTANT_CONVERSION = YES;
				CLANG_WARN_DIRECT_OBJC_ISA_USAGE = YES_ERROR;
				CLANG_WARN_EMPTY_BODY = YES;
				CLANG_WARN_ENUM_CONVERSION = YES;
				CLANG_WARN_INT_CONVERSION = YES;
				CLANG_WARN_OBJC_ROOT_CLASS = YES_ERROR;
				CLANG_WARN_UNREACHABLE_CODE = YES;
				CLANG_WARN__DUPLICATE_METHOD_MATCH = YES;
				"CODE_SIGN_IDENTITY[sdk=iphoneos*]" = "iPhone Developer";
				COPY_PHASE_STRIP = NO;
				DEBUG_INFORMATION_FORMAT = "dwarf-with-dsym";
				ENABLE_NS_ASSERTIONS = NO;
				ENABLE_STRICT_OBJC_MSGSEND = YES;
				GCC_C_LANGUAGE_STANDARD = gnu99;
				GCC_NO_COMMON_BLOCKS = YES;
				GCC_WARN_64_TO_32_BIT_CONVERSION = YES;
				GCC_WARN_ABOUT_RETURN_TYPE = YES_ERROR;
				GCC_WARN_UNDECLARED_SELECTOR = YES;
				GCC_WARN_UNINITIALIZED_AUTOS = YES_AGGRESSIVE;
				GCC_WARN_UNUSED_FUNCTION = YES;
				GCC_WARN_UNUSED_VARIABLE = YES;
				IPHONEOS_DEPLOYMENT_TARGET = 9.3;
				MTL_ENABLE_DEBUG_INFO = NO;
				SDKROOT = iphoneos;
				VALIDATE_PRODUCT = YES;
			};
			name = Release;
		};
		683EB5991CEAEF7A001AFFF8 /* Debug */ = {
			isa = XCBuildConfiguration;
			buildSettings = {
				ASSETCATALOG_COMPILER_APPICON_NAME = AppIcon;
				INFOPLIST_FILE = CATransformLayer/Info.plist;
				LD_RUNPATH_SEARCH_PATHS = "$(inherited) @executable_path/Frameworks";
				PRODUCT_BUNDLE_IDENTIFIER = Codeliu.CATransformLayer;
				PRODUCT_NAME = "$(TARGET_NAME)";
			};
			name = Debug;
		};
		683EB59A1CEAEF7A001AFFF8 /* Release */ = {
			isa = XCBuildConfiguration;
			buildSettings = {
				ASSETCATALOG_COMPILER_APPICON_NAME = AppIcon;
				INFOPLIST_FILE = CATransformLayer/Info.plist;
				LD_RUNPATH_SEARCH_PATHS = "$(inherited) @executable_path/Frameworks";
				PRODUCT_BUNDLE_IDENTIFIER = Codeliu.CATransformLayer;
				PRODUCT_NAME = "$(TARGET_NAME)";
			};
			name = Release;
		};
		683EB59C1CEAEF7A001AFFF8 /* Debug */ = {
			isa = XCBuildConfiguration;
			buildSettings = {
				BUNDLE_LOADER = "$(TEST_HOST)";
				INFOPLIST_FILE = CATransformLayerTests/Info.plist;
				LD_RUNPATH_SEARCH_PATHS = "$(inherited) @executable_path/Frameworks @loader_path/Frameworks";
				PRODUCT_BUNDLE_IDENTIFIER = Codeliu.CATransformLayerTests;
				PRODUCT_NAME = "$(TARGET_NAME)";
				TEST_HOST = "$(BUILT_PRODUCTS_DIR)/CATransformLayer.app/CATransformLayer";
			};
			name = Debug;
		};
		683EB59D1CEAEF7A001AFFF8 /* Release */ = {
			isa = XCBuildConfiguration;
			buildSettings = {
				BUNDLE_LOADER = "$(TEST_HOST)";
				INFOPLIST_FILE = CATransformLayerTests/Info.plist;
				LD_RUNPATH_SEARCH_PATHS = "$(inherited) @executable_path/Frameworks @loader_path/Frameworks";
				PRODUCT_BUNDLE_IDENTIFIER = Codeliu.CATransformLayerTests;
				PRODUCT_NAME = "$(TARGET_NAME)";
				TEST_HOST = "$(BUILT_PRODUCTS_DIR)/CATransformLayer.app/CATransformLayer";
			};
			name = Release;
		};
		683EB59F1CEAEF7A001AFFF8 /* Debug */ = {
			isa = XCBuildConfiguration;
			buildSettings = {
				INFOPLIST_FILE = CATransformLayerUITests/Info.plist;
				LD_RUNPATH_SEARCH_PATHS = "$(inherited) @executable_path/Frameworks @loader_path/Frameworks";
				PRODUCT_BUNDLE_IDENTIFIER = Codeliu.CATransformLayerUITests;
				PRODUCT_NAME = "$(TARGET_NAME)";
				TEST_TARGET_NAME = CATransformLayer;
			};
			name = Debug;
		};
		683EB5A01CEAEF7A001AFFF8 /* Release */ = {
			isa = XCBuildConfiguration;
			buildSettings = {
				INFOPLIST_FILE = CATransformLayerUITests/Info.plist;
				LD_RUNPATH_SEARCH_PATHS = "$(inherited) @executable_path/Frameworks @loader_path/Frameworks";
				PRODUCT_BUNDLE_IDENTIFIER = Codeliu.CATransformLayerUITests;
				PRODUCT_NAME = "$(TARGET_NAME)";
				TEST_TARGET_NAME = CATransformLayer;
			};
			name = Release;
		};
/* End XCBuildConfiguration section */

/* Begin XCConfigurationList section */
		683EB5661CEAEF7A001AFFF8 /* Build configuration list for PBXProject "CATransformLayer" */ = {
			isa = XCConfigurationList;
			buildConfigurations = (
				683EB5961CEAEF7A001AFFF8 /* Debug */,
				683EB5971CEAEF7A001AFFF8 /* Release */,
			);
			defaultConfigurationIsVisible = 0;
			defaultConfigurationName = Release;
		};
		683EB5981CEAEF7A001AFFF8 /* Build configuration list for PBXNativeTarget "CATransformLayer" */ = {
			isa = XCConfigurationList;
			buildConfigurations = (
				683EB5991CEAEF7A001AFFF8 /* Debug */,
				683EB59A1CEAEF7A001AFFF8 /* Release */,
			);
			defaultConfigurationIsVisible = 0;
		};
		683EB59B1CEAEF7A001AFFF8 /* Build configuration list for PBXNativeTarget "CATransformLayerTests" */ = {
			isa = XCConfigurationList;
			buildConfigurations = (
				683EB59C1CEAEF7A001AFFF8 /* Debug */,
				683EB59D1CEAEF7A001AFFF8 /* Release */,
			);
			defaultConfigurationIsVisible = 0;
		};
		683EB59E1CEAEF7A001AFFF8 /* Build configuration list for PBXNativeTarget "CATransformLayerUITests" */ = {
			isa = XCConfigurationList;
			buildConfigurations = (
				683EB59F1CEAEF7A001AFFF8 /* Debug */,
				683EB5A01CEAEF7A001AFFF8 /* Release */,
			);
			defaultConfigurationIsVisible = 0;
		};
/* End XCConfigurationList section */
	};
	rootObject = 683EB5631CEAEF7A001AFFF8 /* Project object */;
}
